
Microsoft Visual Studio Solution File, Format Version 12.00
# Visual Studio Version 17
VisualStudioVersion = 17.2.32630.192
MinimumVisualStudioVersion = 10.0.40219.1
Project("{9A19103F-16F7-4668-BE54-9A1E7A4F7556}") = "PropToString", "PropToString\PropToString.csproj", "{557362EA-9158-4FB4-9AD5-461311EFEA1C}"
EndProject
Project("{9A19103F-16F7-4668-BE54-9A1E7A4F7556}") = "PropToString.Test", "PropToString.Test\PropToString.Test.csproj", "{481B92E9-135C-4344-8978-288EAAED2A48}"
EndProject
Project("{2150E333-8FDC-42A3-9474-1A3956D46DE8}") = "Solution Items", "Solution Items", "{3B589794-051F-4591-9EDF-5D8571CB5013}"
EndProject
Global
	GlobalSection(SolutionConfigurationPlatforms) = preSolution
		Debug|Any CPU = Debug|Any CPU
		Release|Any CPU = Release|Any CPU
	EndGlobalSection
	GlobalSection(ProjectConfigurationPlatforms) = postSolution
		{557362EA-9158-4FB4-9AD5-461311EFEA1C}.Debug|Any CPU.ActiveCfg = Debug|Any CPU
		{557362EA-9158-4FB4-9AD5-461311EFEA1C}.Debug|Any CPU.Build.0 = Debug|Any CPU
		{557362EA-9158-4FB4-9AD5-461311EFEA1C}.Release|Any CPU.ActiveCfg = Release|Any CPU
		{557362EA-9158-4FB4-9AD5-461311EFEA1C}.Release|Any CPU.Build.0 = Release|Any CPU
		{481B92E9-135C-4344-8978-288EAAED2A48}.Debug|Any CPU.ActiveCfg = Debug|Any CPU
		{481B92E9-135C-4344-8978-288EAAED2A48}.Debug|Any CPU.Build.0 = Debug|Any CPU
		{481B92E9-135C-4344-8978-288EAAED2A48}.Release|Any CPU.ActiveCfg = Release|Any CPU
		{481B92E9-135C-4344-8978-288EAAED2A48}.Release|Any CPU.Build.0 = Release|Any CPU
	EndGlobalSection
	GlobalSection(SolutionProperties) = preSolution
		HideSolutionNode = FALSE
	EndGlobalSection
	GlobalSection(ExtensibilityGlobals) = postSolution
		SolutionGuid = {A9C7B032-142C-4690-8DD5-F4D1104B93E1}
	EndGlobalSection
EndGlobal
